
Microsoft Visual Studio Solution File, Format Version 12.00
# Visual Studio 15
VisualStudioVersion = 15.0.28010.2016
MinimumVisualStudioVersion = 10.0.40219.1
Project("{FAE04EC0-301F-11D3-BF4B-00C04F79EFBC}") = "Logging.Web", "Logging.Web\Logging.Web.csproj", "{7929321E-85CC-451E-A9B2-2BF40D9698F2}"
EndProject
Project("{FAE04EC0-301F-11D3-BF4B-00C04F79EFBC}") = "Logging.Client", "Logging.Client\Logging.Client.csproj", "{525AEC56-08B4-4D42-9AF6-2C4F35865547}"
EndProject
Project("{FAE04EC0-301F-11D3-BF4B-00C04F79EFBC}") = "Logging.Domain", "Logging.Domain\Logging.Domain.csproj", "{F9890E15-22E0-463D-BCB9-1B46C870BBB2}"
EndProject
Project("{2150E333-8FDC-42A3-9474-1A3956D46DE8}") = "Configurations", "Configurations", "{2B688A61-CE56-4058-BBA9-BDB91C7E596C}"
	ProjectSection(SolutionItems) = preProject
		Configurations\log4net.common.config = Configurations\log4net.common.config
	EndProjectSection
EndProject
Global
	GlobalSection(SolutionConfigurationPlatforms) = preSolution
		Debug|Any CPU = Debug|Any CPU
		Release|Any CPU = Release|Any CPU
	EndGlobalSection
	GlobalSection(ProjectConfigurationPlatforms) = postSolution
		{7929321E-85CC-451E-A9B2-2BF40D9698F2}.Debug|Any CPU.ActiveCfg = Debug|Any CPU
		{7929321E-85CC-451E-A9B2-2BF40D9698F2}.Debug|Any CPU.Build.0 = Debug|Any CPU
		{7929321E-85CC-451E-A9B2-2BF40D9698F2}.Release|Any CPU.ActiveCfg = Release|Any CPU
		{7929321E-85CC-451E-A9B2-2BF40D9698F2}.Release|Any CPU.Build.0 = Release|Any CPU
		{525AEC56-08B4-4D42-9AF6-2C4F35865547}.Debug|Any CPU.ActiveCfg = Debug|Any CPU
		{525AEC56-08B4-4D42-9AF6-2C4F35865547}.Debug|Any CPU.Build.0 = Debug|Any CPU
		{525AEC56-08B4-4D42-9AF6-2C4F35865547}.Release|Any CPU.ActiveCfg = Release|Any CPU
		{525AEC56-08B4-4D42-9AF6-2C4F35865547}.Release|Any CPU.Build.0 = Release|Any CPU
		{F9890E15-22E0-463D-BCB9-1B46C870BBB2}.Debug|Any CPU.ActiveCfg = Debug|Any CPU
		{F9890E15-22E0-463D-BCB9-1B46C870BBB2}.Debug|Any CPU.Build.0 = Debug|Any CPU
		{F9890E15-22E0-463D-BCB9-1B46C870BBB2}.Release|Any CPU.ActiveCfg = Release|Any CPU
		{F9890E15-22E0-463D-BCB9-1B46C870BBB2}.Release|Any CPU.Build.0 = Release|Any CPU
	EndGlobalSection
	GlobalSection(SolutionProperties) = preSolution
		HideSolutionNode = FALSE
	EndGlobalSection
	GlobalSection(ExtensibilityGlobals) = postSolution
		SolutionGuid = {1C4719BA-D598-4FD0-A927-3E090C061457}
	EndGlobalSection
EndGlobal
